
Microsoft Visual Studio Solution File, Format Version 12.00
# Visual Studio Version 17
VisualStudioVersion = 17.9.34728.123
MinimumVisualStudioVersion = 10.0.40219.1
Project("{FAE04EC0-301F-11D3-BF4B-00C04F79EFBC}") = "UDPClient", "UDPClient\UDPClient.csproj", "{8D21DFA6-5431-4B15-AB58-9D18892F83EF}"
EndProject
Global
	GlobalSection(SolutionConfigurationPlatforms) = preSolution
		Debug|Any CPU = Debug|Any CPU
		Release|Any CPU = Release|Any CPU
	EndGlobalSection
	GlobalSection(ProjectConfigurationPlatforms) = postSolution
		{8D21DFA6-5431-4B15-AB58-9D18892F83EF}.Debug|Any CPU.ActiveCfg = Debug|Any CPU
		{8D21DFA6-5431-4B15-AB58-9D18892F83EF}.Debug|Any CPU.Build.0 = Debug|Any CPU
		{8D21DFA6-5431-4B15-AB58-9D18892F83EF}.Release|Any CPU.ActiveCfg = Release|Any CPU
		{8D21DFA6-5431-4B15-AB58-9D18892F83EF}.Release|Any CPU.Build.0 = Release|Any CPU
	EndGlobalSection
	GlobalSection(SolutionProperties) = preSolution
		HideSolutionNode = FALSE
	EndGlobalSection
	GlobalSection(ExtensibilityGlobals) = postSolution
		SolutionGuid = {60C23CD7-BFCA-4715-BAA5-F3841817D20B}
	EndGlobalSection
EndGlobal
